
Microsoft Visual Studio Solution File, Format Version 12.00
# Visual Studio Express 2012 for Windows Desktop
Project("{FAE04EC0-301F-11D3-BF4B-00C04F79EFBC}") = "inhertiance", "inhertiance\inhertiance.csproj", "{A1E66F42-106E-4454-BB8A-179FD6E9B674}"
EndProject
Global
	GlobalSection(SolutionConfigurationPlatforms) = preSolution
		Debug|Any CPU = Debug|Any CPU
		Release|Any CPU = Release|Any CPU
	EndGlobalSection
	GlobalSection(ProjectConfigurationPlatforms) = postSolution
		{A1E66F42-106E-4454-BB8A-179FD6E9B674}.Debug|Any CPU.ActiveCfg = Debug|Any CPU
		{A1E66F42-106E-4454-BB8A-179FD6E9B674}.Debug|Any CPU.Build.0 = Debug|Any CPU
		{A1E66F42-106E-4454-BB8A-179FD6E9B674}.Release|Any CPU.ActiveCfg = Release|Any CPU
		{A1E66F42-106E-4454-BB8A-179FD6E9B674}.Release|Any CPU.Build.0 = Release|Any CPU
	EndGlobalSection
	GlobalSection(SolutionProperties) = preSolution
		HideSolutionNode = FALSE
	EndGlobalSection
EndGlobal
