
Microsoft Visual Studio Solution File, Format Version 12.00
# Visual Studio Express 2012 for Windows Desktop
Project("{FAE04EC0-301F-11D3-BF4B-00C04F79EFBC}") = "array", "array\array.csproj", "{107381D6-DC59-46A6-AC71-534FF0B463EC}"
EndProject
Global
	GlobalSection(SolutionConfigurationPlatforms) = preSolution
		Debug|Any CPU = Debug|Any CPU
		Release|Any CPU = Release|Any CPU
	EndGlobalSection
	GlobalSection(ProjectConfigurationPlatforms) = postSolution
		{107381D6-DC59-46A6-AC71-534FF0B463EC}.Debug|Any CPU.ActiveCfg = Debug|Any CPU
		{107381D6-DC59-46A6-AC71-534FF0B463EC}.Debug|Any CPU.Build.0 = Debug|Any CPU
		{107381D6-DC59-46A6-AC71-534FF0B463EC}.Release|Any CPU.ActiveCfg = Release|Any CPU
		{107381D6-DC59-46A6-AC71-534FF0B463EC}.Release|Any CPU.Build.0 = Release|Any CPU
	EndGlobalSection
	GlobalSection(SolutionProperties) = preSolution
		HideSolutionNode = FALSE
	EndGlobalSection
EndGlobal
